
Microsoft Visual Studio Solution File, Format Version 12.00
# Visual Studio 15
VisualStudioVersion = 15.0.28010.2016
MinimumVisualStudioVersion = 10.0.40219.1
Project("{FAE04EC0-301F-11D3-BF4B-00C04F79EFBC}") = "First", "First\First.csproj", "{0D6D3E34-8320-4D93-A327-CFE069352B22}"
EndProject
Global
	GlobalSection(SolutionConfigurationPlatforms) = preSolution
		Debug|Any CPU = Debug|Any CPU
		Release|Any CPU = Release|Any CPU
	EndGlobalSection
	GlobalSection(ProjectConfigurationPlatforms) = postSolution
		{0D6D3E34-8320-4D93-A327-CFE069352B22}.Debug|Any CPU.ActiveCfg = Debug|Any CPU
		{0D6D3E34-8320-4D93-A327-CFE069352B22}.Debug|Any CPU.Build.0 = Debug|Any CPU
		{0D6D3E34-8320-4D93-A327-CFE069352B22}.Release|Any CPU.ActiveCfg = Release|Any CPU
		{0D6D3E34-8320-4D93-A327-CFE069352B22}.Release|Any CPU.Build.0 = Release|Any CPU
	EndGlobalSection
	GlobalSection(SolutionProperties) = preSolution
		HideSolutionNode = FALSE
	EndGlobalSection
	GlobalSection(ExtensibilityGlobals) = postSolution
		SolutionGuid = {24C127DC-61C3-4114-B0B2-FB337419C404}
	EndGlobalSection
EndGlobal
